
Microsoft Visual Studio Solution File, Format Version 12.00
# Visual Studio Version 16
VisualStudioVersion = 16.0.31624.102
MinimumVisualStudioVersion = 10.0.40219.1
Project("{9A19103F-16F7-4668-BE54-9A1E7A4F7556}") = "Core", "Core\Core.csproj", "{A6CA23EB-0387-4C9C-8354-B2D8283CD6F3}"
EndProject
Project("{9A19103F-16F7-4668-BE54-9A1E7A4F7556}") = "Core.Test", "Core.Test\Core.Test.csproj", "{A41B0A69-8869-4CD4-B72E-31A48504C725}"
EndProject
Project("{FAE04EC0-301F-11D3-BF4B-00C04F79EFBC}") = "MovistarAPI", "MovistarAPI\MovistarAPI.csproj", "{1F229E7F-E937-4C6F-A9C2-CEE2E4F7B216}"
EndProject
Global
	GlobalSection(SolutionConfigurationPlatforms) = preSolution
		Debug|Any CPU = Debug|Any CPU
		Release|Any CPU = Release|Any CPU
	EndGlobalSection
	GlobalSection(ProjectConfigurationPlatforms) = postSolution
		{A6CA23EB-0387-4C9C-8354-B2D8283CD6F3}.Debug|Any CPU.ActiveCfg = Debug|Any CPU
		{A6CA23EB-0387-4C9C-8354-B2D8283CD6F3}.Debug|Any CPU.Build.0 = Debug|Any CPU
		{A6CA23EB-0387-4C9C-8354-B2D8283CD6F3}.Release|Any CPU.ActiveCfg = Release|Any CPU
		{A6CA23EB-0387-4C9C-8354-B2D8283CD6F3}.Release|Any CPU.Build.0 = Release|Any CPU
		{A41B0A69-8869-4CD4-B72E-31A48504C725}.Debug|Any CPU.ActiveCfg = Debug|Any CPU
		{A41B0A69-8869-4CD4-B72E-31A48504C725}.Debug|Any CPU.Build.0 = Debug|Any CPU
		{A41B0A69-8869-4CD4-B72E-31A48504C725}.Release|Any CPU.ActiveCfg = Release|Any CPU
		{A41B0A69-8869-4CD4-B72E-31A48504C725}.Release|Any CPU.Build.0 = Release|Any CPU
		{1F229E7F-E937-4C6F-A9C2-CEE2E4F7B216}.Debug|Any CPU.ActiveCfg = Debug|Any CPU
		{1F229E7F-E937-4C6F-A9C2-CEE2E4F7B216}.Debug|Any CPU.Build.0 = Debug|Any CPU
		{1F229E7F-E937-4C6F-A9C2-CEE2E4F7B216}.Release|Any CPU.ActiveCfg = Release|Any CPU
		{1F229E7F-E937-4C6F-A9C2-CEE2E4F7B216}.Release|Any CPU.Build.0 = Release|Any CPU
	EndGlobalSection
	GlobalSection(SolutionProperties) = preSolution
		HideSolutionNode = FALSE
	EndGlobalSection
	GlobalSection(ExtensibilityGlobals) = postSolution
		SolutionGuid = {E5C63ADD-1019-4165-BAFC-B8F9A16D4961}
	EndGlobalSection
EndGlobal
